# This file was autogenerated by Stack.
# You should not edit this file by hand.
# For more information, please see the documentation at:
#   https://docs.haskellstack.org/en/stable/lock_files

packages:
- completed:
    name: fs-entries
    version: 0.4.0.0
    git: https://github.com/nedervold/fs-entries.git
    pantry-tree:
      size: 1476
      sha256: a042c54b190b1dd0bb924e2b6572b128e09f792a68dcba6c29e102c669746813
    commit: cb935aec7811d2040f891c5aac8fff57ab816d46
  original:
    git: https://github.com/nedervold/fs-entries.git
    commit: cb935aec7811d2040f891c5aac8fff57ab816d46
snapshots:
- completed:
    size: 619403
    url: https://raw.githubusercontent.com/commercialhaskell/stackage-snapshots/master/lts/19/25.yaml
    sha256: 1ecad1f0bd2c27de88dbff6572446cfdf647c615d58a7e2e2085c6b7dfc04176
  original:
    url: https://raw.githubusercontent.com/commercialhaskell/stackage-snapshots/master/lts/19/25.yaml
