# This file was autogenerated by Stack.
# You should not edit this file by hand.
# For more information, please see the documentation at:
#   https://docs.haskellstack.org/en/stable/lock_files

packages:
- completed:
    name: fs-entries
    version: 0.4.0.0
    git: https://github.com/nedervold/fs-entries.git
    pantry-tree:
      size: 1477
      sha256: e8a3f7df06d1ea931a56ad068cc82a83322f7671b37eef1edb7c3b0360ea3311
    commit: 8ac69a2dd80e887cd40efed8a4dd2405d6076325
  original:
    git: https://github.com/nedervold/fs-entries.git
    commit: 8ac69a2dd80e887cd40efed8a4dd2405d6076325
snapshots:
- completed:
    size: 619403
    url: https://raw.githubusercontent.com/commercialhaskell/stackage-snapshots/master/lts/19/25.yaml
    sha256: 1ecad1f0bd2c27de88dbff6572446cfdf647c615d58a7e2e2085c6b7dfc04176
  original:
    url: https://raw.githubusercontent.com/commercialhaskell/stackage-snapshots/master/lts/19/25.yaml
